
Microsoft Visual Studio Solution File, Format Version 12.00
# Visual Studio Version 16
VisualStudioVersion = 16.0.30114.105
MinimumVisualStudioVersion = 10.0.40219.1
Project("{FAE04EC0-301F-11D3-BF4B-00C04F79EFBC}") = "Orlfi.EgrulLibrary", "orlfi.EgrulLibrary\Orlfi.EgrulLibrary.csproj", "{23EE0B54-97CD-4F0B-BE56-C92B54F31F22}"
EndProject
Project("{FAE04EC0-301F-11D3-BF4B-00C04F79EFBC}") = "Tests", "Tests\Tests.csproj", "{DDFA2AC3-35CB-467A-BE18-607A1DB1DE67}"
EndProject
Global
	GlobalSection(SolutionConfigurationPlatforms) = preSolution
		Debug|Any CPU = Debug|Any CPU
		Release|Any CPU = Release|Any CPU
	EndGlobalSection
	GlobalSection(SolutionProperties) = preSolution
		HideSolutionNode = FALSE
	EndGlobalSection
	GlobalSection(ProjectConfigurationPlatforms) = postSolution
		{23EE0B54-97CD-4F0B-BE56-C92B54F31F22}.Debug|Any CPU.ActiveCfg = Debug|Any CPU
		{23EE0B54-97CD-4F0B-BE56-C92B54F31F22}.Debug|Any CPU.Build.0 = Debug|Any CPU
		{23EE0B54-97CD-4F0B-BE56-C92B54F31F22}.Release|Any CPU.ActiveCfg = Release|Any CPU
		{23EE0B54-97CD-4F0B-BE56-C92B54F31F22}.Release|Any CPU.Build.0 = Release|Any CPU
		{DDFA2AC3-35CB-467A-BE18-607A1DB1DE67}.Debug|Any CPU.ActiveCfg = Debug|Any CPU
		{DDFA2AC3-35CB-467A-BE18-607A1DB1DE67}.Debug|Any CPU.Build.0 = Debug|Any CPU
		{DDFA2AC3-35CB-467A-BE18-607A1DB1DE67}.Release|Any CPU.ActiveCfg = Release|Any CPU
		{DDFA2AC3-35CB-467A-BE18-607A1DB1DE67}.Release|Any CPU.Build.0 = Release|Any CPU
	EndGlobalSection
EndGlobal
